# THIS IS AN AUTOGENERATED FILE. DO NOT EDIT THIS FILE DIRECTLY.
# yarn lockfile v1


headjs@^1.0.3:
  version "1.0.3"
  resolved "https://registry.yarnpkg.com/headjs/-/headjs-1.0.3.tgz#b368ebbfa8b6c3961c1a33105ec811d54dd8783f"

reveal.js@^3.6.0:
  version "3.6.0"
  resolved "https://registry.yarnpkg.com/reveal.js/-/reveal.js-3.6.0.tgz#ce0e64f30cbebd6e5ce885c2f384085c5e5821e8"
